// !$*UTF8*$!
{
	archiveVersion = 1;
	classes = {
	};
	objectVersion = 50;
	objects = {

/* Begin PBXBuildFile section */
		889FA330212826D800868353 /* AppDelegate.swift in Sources */ = {isa = PBXBuildFile; fileRef = 889FA32F212826D800868353 /* AppDelegate.swift */; };
		889FA332212826D800868353 /* ViewController.swift in Sources */ = {isa = PBXBuildFile; fileRef = 889FA331212826D800868353 /* ViewController.swift */; };
		889FA335212826D800868353 /* Main.storyboard in Resources */ = {isa = PBXBuildFile; fileRef = 889FA333212826D800868353 /* Main.storyboard */; };
		889FA337212826DB00868353 /* Assets.xcassets in Resources */ = {isa = PBXBuildFile; fileRef = 889FA336212826DB00868353 /* Assets.xcassets */; };
		889FA33A212826DB00868353 /* LaunchScreen.storyboard in Resources */ = {isa = PBXBuildFile; fileRef = 889FA338212826DB00868353 /* LaunchScreen.storyboard */; };
		889FA3422128278B00868353 /* MyTableViewCell.swift in Sources */ = {isa = PBXBuildFile; fileRef = 889FA3412128278B00868353 /* MyTableViewCell.swift */; };
		889FA3482128290E00868353 /* Earth.png in Resources */ = {isa = PBXBuildFile; fileRef = 889FA3432128290D00868353 /* Earth.png */; };
		889FA3492128290E00868353 /* Stars.png in Resources */ = {isa = PBXBuildFile; fileRef = 889FA3442128290D00868353 /* Stars.png */; };
		889FA34A2128290E00868353 /* Mars.png in Resources */ = {isa = PBXBuildFile; fileRef = 889FA3452128290E00868353 /* Mars.png */; };
		889FA34B2128290E00868353 /* Sun.png in Resources */ = {isa = PBXBuildFile; fileRef = 889FA3462128290E00868353 /* Sun.png */; };
		889FA34C2128290E00868353 /* Moon.png in Resources */ = {isa = PBXBuildFile; fileRef = 889FA3472128290E00868353 /* Moon.png */; };
		889FA34E21282C5B00868353 /* DetailViewController.swift in Sources */ = {isa = PBXBuildFile; fileRef = 889FA34D21282C5B00868353 /* DetailViewController.swift */; };
/* End PBXBuildFile section */

/* Begin PBXFileReference section */
		889FA32C212826D800868353 /* TableView-2.app */ = {isa = PBXFileReference; explicitFileType = wrapper.application; includeInIndex = 0; path = "TableView-2.app"; sourceTree = BUILT_PRODUCTS_DIR; };
		889FA32F212826D800868353 /* AppDelegate.swift */ = {isa = PBXFileReference; lastKnownFileType = sourcecode.swift; path = AppDelegate.swift; sourceTree = "<group>"; };
		889FA331212826D800868353 /* ViewController.swift */ = {isa = PBXFileReference; lastKnownFileType = sourcecode.swift; path = ViewController.swift; sourceTree = "<group>"; };
		889FA334212826D800868353 /* Base */ = {isa = PBXFileReference; lastKnownFileType = file.storyboard; name = Base; path = Base.lproj/Main.storyboard; sourceTree = "<group>"; };
		889FA336212826DB00868353 /* Assets.xcassets */ = {isa = PBXFileReference; lastKnownFileType = folder.assetcatalog; path = Assets.xcassets; sourceTree = "<group>"; };
		889FA339212826DB00868353 /* Base */ = {isa = PBXFileReference; lastKnownFileType = file.storyboard; name = Base; path = Base.lproj/LaunchScreen.storyboard; sourceTree = "<group>"; };
		889FA33B212826DB00868353 /* Info.plist */ = {isa = PBXFileReference; lastKnownFileType = text.plist.xml; path = Info.plist; sourceTree = "<group>"; };
		889FA3412128278B00868353 /* MyTableViewCell.swift */ = {isa = PBXFileReference; lastKnownFileType = sourcecode.swift; path = MyTableViewCell.swift; sourceTree = "<group>"; };
		889FA3432128290D00868353 /* Earth.png */ = {isa = PBXFileReference; lastKnownFileType = image.png; path = Earth.png; sourceTree = "<group>"; };
		889FA3442128290D00868353 /* Stars.png */ = {isa = PBXFileReference; lastKnownFileType = image.png; path = Stars.png; sourceTree = "<group>"; };
		889FA3452128290E00868353 /* Mars.png */ = {isa = PBXFileReference; lastKnownFileType = image.png; path = Mars.png; sourceTree = "<group>"; };
		889FA3462128290E00868353 /* Sun.png */ = {isa = PBXFileReference; lastKnownFileType = image.png; path = Sun.png; sourceTree = "<group>"; };
		889FA3472128290E00868353 /* Moon.png */ = {isa = PBXFileReference; lastKnownFileType = image.png; path = Moon.png; sourceTree = "<group>"; };
		889FA34D21282C5B00868353 /* DetailViewController.swift */ = {isa = PBXFileReference; lastKnownFileType = sourcecode.swift; path = DetailViewController.swift; sourceTree = "<group>"; };
/* End PBXFileReference section */

/* Begin PBXFrameworksBuildPhase section */
		889FA329212826D800868353 /* Frameworks */ = {
			isa = PBXFrameworksBuildPhase;
			buildActionMask = 2147483647;
			files = (
			);
			runOnlyForDeploymentPostprocessing = 0;
		};
/* End PBXFrameworksBuildPhase section */

/* Begin PBXGroup section */
		889FA323212826D800868353 = {
			isa = PBXGroup;
			children = (
				889FA32E212826D800868353 /* TableView-2 */,
				889FA32D212826D800868353 /* Products */,
			);
			sourceTree = "<group>";
		};
		889FA32D212826D800868353 /* Products */ = {
			isa = PBXGroup;
			children = (
				889FA32C212826D800868353 /* TableView-2.app */,
			);
			name = Products;
			sourceTree = "<group>";
		};
		889FA32E212826D800868353 /* TableView-2 */ = {
			isa = PBXGroup;
			children = (
				889FA32F212826D800868353 /* AppDelegate.swift */,
				889FA331212826D800868353 /* ViewController.swift */,
				889FA333212826D800868353 /* Main.storyboard */,
				889FA34D21282C5B00868353 /* DetailViewController.swift */,
				889FA3412128278B00868353 /* MyTableViewCell.swift */,
				889FA336212826DB00868353 /* Assets.xcassets */,
				889FA338212826DB00868353 /* LaunchScreen.storyboard */,
				889FA3432128290D00868353 /* Earth.png */,
				889FA3452128290E00868353 /* Mars.png */,
				889FA3472128290E00868353 /* Moon.png */,
				889FA3442128290D00868353 /* Stars.png */,
				889FA3462128290E00868353 /* Sun.png */,
				889FA33B212826DB00868353 /* Info.plist */,
			);
			path = "TableView-2";
			sourceTree = "<group>";
		};
/* End PBXGroup section */

/* Begin PBXNativeTarget section */
		889FA32B212826D800868353 /* TableView-2 */ = {
			isa = PBXNativeTarget;
			buildConfigurationList = 889FA33E212826DB00868353 /* Build configuration list for PBXNativeTarget "TableView-2" */;
			buildPhases = (
				889FA328212826D800868353 /* Sources */,
				889FA329212826D800868353 /* Frameworks */,
				889FA32A212826D800868353 /* Resources */,
			);
			buildRules = (
			);
			dependencies = (
			);
			name = "TableView-2";
			productName = "TableView-2";
			productReference = 889FA32C212826D800868353 /* TableView-2.app */;
			productType = "com.apple.product-type.application";
		};
/* End PBXNativeTarget section */

/* Begin PBXProject section */
		889FA324212826D800868353 /* Project object */ = {
			isa = PBXProject;
			attributes = {
				LastSwiftUpdateCheck = 0940;
				LastUpgradeCheck = 0940;
				ORGANIZATIONNAME = Joethermal;
				TargetAttributes = {
					889FA32B212826D800868353 = {
						CreatedOnToolsVersion = 9.4.1;
						LastSwiftMigration = 1000;
					};
				};
			};
			buildConfigurationList = 889FA327212826D800868353 /* Build configuration list for PBXProject "TableView-2" */;
			compatibilityVersion = "Xcode 9.3";
			developmentRegion = en;
			hasScannedForEncodings = 0;
			knownRegions = (
				en,
				Base,
			);
			mainGroup = 889FA323212826D800868353;
			productRefGroup = 889FA32D212826D800868353 /* Products */;
			projectDirPath = "";
			projectRoot = "";
			targets = (
				889FA32B212826D800868353 /* TableView-2 */,
			);
		};
/* End PBXProject section */

/* Begin PBXResourcesBuildPhase section */
		889FA32A212826D800868353 /* Resources */ = {
			isa = PBXResourcesBuildPhase;
			buildActionMask = 2147483647;
			files = (
				889FA34A2128290E00868353 /* Mars.png in Resources */,
				889FA3482128290E00868353 /* Earth.png in Resources */,
				889FA3492128290E00868353 /* Stars.png in Resources */,
				889FA34B2128290E00868353 /* Sun.png in Resources */,
				889FA34C2128290E00868353 /* Moon.png in Resources */,
				889FA33A212826DB00868353 /* LaunchScreen.storyboard in Resources */,
				889FA337212826DB00868353 /* Assets.xcassets in Resources */,
				889FA335212826D800868353 /* Main.storyboard in Resources */,
			);
			runOnlyForDeploymentPostprocessing = 0;
		};
/* End PBXResourcesBuildPhase section */

/* Begin PBXSourcesBuildPhase section */
		889FA328212826D800868353 /* Sources */ = {
			isa = PBXSourcesBuildPhase;
			buildActionMask = 2147483647;
			files = (
				889FA332212826D800868353 /* ViewController.swift in Sources */,
				889FA330212826D800868353 /* AppDelegate.swift in Sources */,
				889FA3422128278B00868353 /* MyTableViewCell.swift in Sources */,
				889FA34E21282C5B00868353 /* DetailViewController.swift in Sources */,
			);
			runOnlyForDeploymentPostprocessing = 0;
		};
/* End PBXSourcesBuildPhase section */

/* Begin PBXVariantGroup section */
		889FA333212826D800868353 /* Main.storyboard */ = {
			isa = PBXVariantGroup;
			children = (
				889FA334212826D800868353 /* Base */,
			);
			name = Main.storyboard;
			sourceTree = "<group>";
		};
		889FA338212826DB00868353 /* LaunchScreen.storyboard */ = {
			isa = PBXVariantGroup;
			children = (
				889FA339212826DB00868353 /* Base */,
			);
			name = LaunchScreen.storyboard;
			sourceTree = "<group>";
		};
/* End PBXVariantGroup section */

/* Begin XCBuildConfiguration section */
		889FA33C212826DB00868353 /* Debug */ = {
			isa = XCBuildConfiguration;
			buildSettings = {
				ALWAYS_SEARCH_USER_PATHS = NO;
				CLANG_ANALYZER_NONNULL = YES;
				CLANG_ANALYZER_NUMBER_OBJECT_CONVERSION = YES_AGGRESSIVE;
				CLANG_CXX_LANGUAGE_STANDARD = "gnu++14";
				CLANG_CXX_LIBRARY = "libc++";
				CLANG_ENABLE_MODULES = YES;
				CLANG_ENABLE_OBJC_ARC = YES;
				CLANG_ENABLE_OBJC_WEAK = YES;
				CLANG_WARN_BLOCK_CAPTURE_AUTORELEASING = YES;
				CLANG_WARN_BOOL_CONVERSION = YES;
				CLANG_WARN_COMMA = YES;
				CLANG_WARN_CONSTANT_CONVERSION = YES;
				CLANG_WARN_DEPRECATED_OBJC_IMPLEMENTATIONS = YES;
				CLANG_WARN_DIRECT_OBJC_ISA_USAGE = YES_ERROR;
				CLANG_WARN_DOCUMENTATION_COMMENTS = YES;
				CLANG_WARN_EMPTY_BODY = YES;
				CLANG_WARN_ENUM_CONVERSION = YES;
				CLANG_WARN_INFINITE_RECURSION = YES;
				CLANG_WARN_INT_CONVERSION = YES;
				CLANG_WARN_NON_LITERAL_NULL_CONVERSION = YES;
				CLANG_WARN_OBJC_IMPLICIT_RETAIN_SELF = YES;
				CLANG_WARN_OBJC_LITERAL_CONVERSION = YES;
				CLANG_WARN_OBJC_ROOT_CLASS = YES_ERROR;
				CLANG_WARN_RANGE_LOOP_ANALYSIS = YES;
				CLANG_WARN_STRICT_PROTOTYPES = YES;
				CLANG_WARN_SUSPICIOUS_MOVE = YES;
				CLANG_WARN_UNGUARDED_AVAILABILITY = YES_AGGRESSIVE;
				CLANG_WARN_UNREACHABLE_CODE = YES;
				CLANG_WARN__DUPLICATE_METHOD_MATCH = YES;
				CODE_SIGN_IDENTITY = "iPhone Developer";
				COPY_PHASE_STRIP = NO;
				DEBUG_INFORMATION_FORMAT = dwarf;
				ENABLE_STRICT_OBJC_MSGSEND = YES;
				ENABLE_TESTABILITY = YES;
				GCC_C_LANGUAGE_STANDARD = gnu11;
				GCC_DYNAMIC_NO_PIC = NO;
				GCC_NO_COMMON_BLOCKS = YES;
				GCC_OPTIMIZATION_LEVEL = 0;
				GCC_PREPROCESSOR_DEFINITIONS = (
					"DEBUG=1",
					"$(inherited)",
				);
				GCC_WARN_64_TO_32_BIT_CONVERSION = YES;
				GCC_WARN_ABOUT_RETURN_TYPE = YES_ERROR;
				GCC_WARN_UNDECLARED_SELECTOR = YES;
				GCC_WARN_UNINITIALIZED_AUTOS = YES_AGGRESSIVE;
				GCC_WARN_UNUSED_FUNCTION = YES;
				GCC_WARN_UNUSED_VARIABLE = YES;
				IPHONEOS_DEPLOYMENT_TARGET = 11.4;
				MTL_ENABLE_DEBUG_INFO = YES;
				ONLY_ACTIVE_ARCH = YES;
				SDKROOT = iphoneos;
				SWIFT_ACTIVE_COMPILATION_CONDITIONS = DEBUG;
				SWIFT_OPTIMIZATION_LEVEL = "-Onone";
			};
			name = Debug;
		};
		889FA33D212826DB00868353 /* Release */ = {
			isa = XCBuildConfiguration;
			buildSettings = {
				ALWAYS_SEARCH_USER_PATHS = NO;
				CLANG_ANALYZER_NONNULL = YES;
				CLANG_ANALYZER_NUMBER_OBJECT_CONVERSION = YES_AGGRESSIVE;
				CLANG_CXX_LANGUAGE_STANDARD = "gnu++14";
				CLANG_CXX_LIBRARY = "libc++";
				CLANG_ENABLE_MODULES = YES;
				CLANG_ENABLE_OBJC_ARC = YES;
				CLANG_ENABLE_OBJC_WEAK = YES;
				CLANG_WARN_BLOCK_CAPTURE_AUTORELEASING = YES;
				CLANG_WARN_BOOL_CONVERSION = YES;
				CLANG_WARN_COMMA = YES;
				CLANG_WARN_CONSTANT_CONVERSION = YES;
				CLANG_WARN_DEPRECATED_OBJC_IMPLEMENTATIONS = YES;
				CLANG_WARN_DIRECT_OBJC_ISA_USAGE = YES_ERROR;
				CLANG_WARN_DOCUMENTATION_COMMENTS = YES;
				CLANG_WARN_EMPTY_BODY = YES;
				CLANG_WARN_ENUM_CONVERSION = YES;
				CLANG_WARN_INFINITE_RECURSION = YES;
				CLANG_WARN_INT_CONVERSION = YES;
				CLANG_WARN_NON_LITERAL_NULL_CONVERSION = YES;
				CLANG_WARN_OBJC_IMPLICIT_RETAIN_SELF = YES;
				CLANG_WARN_OBJC_LITERAL_CONVERSION = YES;
				CLANG_WARN_OBJC_ROOT_CLASS = YES_ERROR;
				CLANG_WARN_RANGE_LOOP_ANALYSIS = YES;
				CLANG_WARN_STRICT_PROTOTYPES = YES;
				CLANG_WARN_SUSPICIOUS_MOVE = YES;
				CLANG_WARN_UNGUARDED_AVAILABILITY = YES_AGGRESSIVE;
				CLANG_WARN_UNREACHABLE_CODE = YES;
				CLANG_WARN__DUPLICATE_METHOD_MATCH = YES;
				CODE_SIGN_IDENTITY = "iPhone Developer";
				COPY_PHASE_STRIP = NO;
				DEBUG_INFORMATION_FORMAT = "dwarf-with-dsym";
				ENABLE_NS_ASSERTIONS = NO;
				ENABLE_STRICT_OBJC_MSGSEND = YES;
				GCC_C_LANGUAGE_STANDARD = gnu11;
				GCC_NO_COMMON_BLOCKS = YES;
				GCC_WARN_64_TO_32_BIT_CONVERSION = YES;
				GCC_WARN_ABOUT_RETURN_TYPE = YES_ERROR;
				GCC_WARN_UNDECLARED_SELECTOR = YES;
				GCC_WARN_UNINITIALIZED_AUTOS = YES_AGGRESSIVE;
				GCC_WARN_UNUSED_FUNCTION = YES;
				GCC_WARN_UNUSED_VARIABLE = YES;
				IPHONEOS_DEPLOYMENT_TARGET = 11.4;
				MTL_ENABLE_DEBUG_INFO = NO;
				SDKROOT = iphoneos;
				SWIFT_COMPILATION_MODE = wholemodule;
				SWIFT_OPTIMIZATION_LEVEL = "-O";
				VALIDATE_PRODUCT = YES;
			};
			name = Release;
		};
		889FA33F212826DB00868353 /* Debug */ = {
			isa = XCBuildConfiguration;
			buildSettings = {
				ASSETCATALOG_COMPILER_APPICON_NAME = AppIcon;
				CODE_SIGN_STYLE = Automatic;
				DEVELOPMENT_TEAM = 6SKKXTGX6L;
				INFOPLIST_FILE = "TableView-2/Info.plist";
				LD_RUNPATH_SEARCH_PATHS = (
					"$(inherited)",
					"@executable_path/Frameworks",
				);
				PRODUCT_BUNDLE_IDENTIFIER = "com.joethermal.TableView-2";
				PRODUCT_NAME = "$(TARGET_NAME)";
				SWIFT_VERSION = 4.2;
				TARGETED_DEVICE_FAMILY = "1,2";
			};
			name = Debug;
		};
		889FA340212826DB00868353 /* Release */ = {
			isa = XCBuildConfiguration;
			buildSettings = {
				ASSETCATALOG_COMPILER_APPICON_NAME = AppIcon;
				CODE_SIGN_STYLE = Automatic;
				DEVELOPMENT_TEAM = 6SKKXTGX6L;
				INFOPLIST_FILE = "TableView-2/Info.plist";
				LD_RUNPATH_SEARCH_PATHS = (
					"$(inherited)",
					"@executable_path/Frameworks",
				);
				PRODUCT_BUNDLE_IDENTIFIER = "com.joethermal.TableView-2";
				PRODUCT_NAME = "$(TARGET_NAME)";
				SWIFT_VERSION = 4.2;
				TARGETED_DEVICE_FAMILY = "1,2";
			};
			name = Release;
		};
/* End XCBuildConfiguration section */

/* Begin XCConfigurationList section */
		889FA327212826D800868353 /* Build configuration list for PBXProject "TableView-2" */ = {
			isa = XCConfigurationList;
			buildConfigurations = (
				889FA33C212826DB00868353 /* Debug */,
				889FA33D212826DB00868353 /* Release */,
			);
			defaultConfigurationIsVisible = 0;
			defaultConfigurationName = Release;
		};
		889FA33E212826DB00868353 /* Build configuration list for PBXNativeTarget "TableView-2" */ = {
			isa = XCConfigurationList;
			buildConfigurations = (
				889FA33F212826DB00868353 /* Debug */,
				889FA340212826DB00868353 /* Release */,
			);
			defaultConfigurationIsVisible = 0;
			defaultConfigurationName = Release;
		};
/* End XCConfigurationList section */
	};
	rootObject = 889FA324212826D800868353 /* Project object */;
}
